<Solution>
  <Folder Name="/Solution Items/">
    <File Path=".editorconfig" />
    <File Path="Directory.Packages.props" />
  </Folder>
  <Project Path="LaborStats.Api/LaborStats.Api.csproj" />
  <Project Path="LaborStats.Application/LaborStats.Application.csproj" />
  <Project Path="LaborStats.Domain/LaborStats.Domain.csproj" />
  <Project Path="LaborStats.Infrastructure/LaborStats.Infrastructure.csproj" />
  <Project Path="LaborStats.Tests/LaborStats.Tests.csproj" />
</Solution>
